<Solution>
  <Folder Name="/sdk/">
    <Project Path="sdk/UrDeck.Analyzer/UrDeck.Analyzer.csproj" />
    <Project Path="sdk/UrDeck.Sdk/UrDeck.Sdk.csproj" />
  </Folder>
  <Folder Name="/src/">
    <Project Path="src/UrDeck.Engine/UrDeck.Engine.csproj" />
    <Project Path="src/UrDeck.Host/UrDeck.Host.csproj" />
  </Folder>
  <Folder Name="/providers/">
    <Project Path="providers/UrDeck.Providers.System/UrDeck.Providers.System.csproj" />
    <Project Path="providers/UrDeck.Providers.Weather/UrDeck.Providers.Weather.csproj" />
  </Folder>
  <Folder Name="/widgets/">
    <Project Path="widgets/UrDeck.Widgets.Clock/UrDeck.Widgets.Clock.csproj" />
    <Project Path="widgets/UrDeck.Widgets.Stats/UrDeck.Widgets.Stats.csproj" />
    <Project Path="widgets/UrDeck.Widgets.Weather/UrDeck.Widgets.Weather.csproj" />
  </Folder>
  <Folder Name="/tests/">
    <Project Path="tests/UrDeck.Analyzer.Tests/UrDeck.Analyzer.Tests.csproj" />
    <Project Path="tests/UrDeck.Engine.Tests/UrDeck.Engine.Tests.csproj" />
  </Folder>
</Solution>
